{
  "nodes": {
    "flake-utils": {
      "inputs": {
        "systems": "systems"
      },
      "locked": {
        "lastModified": 1731533236,
        "narHash": "sha256-l0KFg5HjrsfsO/JpG+r7fRrqm12kzFHyUHqHCVpMMbI=",
        "owner": "numtide",
        "repo": "flake-utils",
        "rev": "11707dc2f618dd54ca8739b309ec4fc024de578b",
        "type": "github"
      },
      "original": {
        "owner": "numtide",
        "repo": "flake-utils",
        "type": "github"
      }
    },
    "nixpkgs": {
      "locked": {
        "lastModified": 1786963906,
        "narHash": "sha256-3tkeMWSvHPo3tYljfXbPC/TgknikU1GvdVr/DkdfvE0=",
        "owner": "NixOS",
        "repo": "nixpkgs",
        "rev": "f4b6996c4e8b9ee06ce147ec344c885f51071b14",
        "type": "github"
      },
      "original": {
        "owner": "NixOS",
        "ref": "nixpkgs-unstable",
        "repo": "nixpkgs",
        "type": "github"
      }
    },
    "root": {
      "inputs": {
        "flake-utils": "flake-utils",
        "nixpkgs": "nixpkgs",
        "sphinx-builder": "sphinx-builder"
      }
    },
    "sphinx-builder": {
      "inputs": {
        "flake-utils": [
          "flake-utils"
        ],
        "nixpkgs": [
          "nixpkgs"
        ]
      },
      "locked": {
        "lastModified": 1787232753,
        "narHash": "sha256-4T6FdDOm/wczBmMcAnYMwMy+I4NZ1iOe/2vNXEuMb7s=",
        "ref": "refs/heads/main",
        "rev": "2dfef4ec2297d948679fda7ffc5a1c03724140ec",
        "revCount": 61,
        "type": "git",
        "url": "https://codeberg.org/johbo/sphinx-builder.git"
      },
      "original": {
        "type": "git",
        "url": "https://codeberg.org/johbo/sphinx-builder.git"
      }
    },
    "systems": {
      "locked": {
        "lastModified": 1681028828,
        "narHash": "sha256-Vy1rq5AaRuLzOxct8nz4T6wlgyUR7zLU309k9mBC768=",
        "owner": "nix-systems",
        "repo": "default",
        "rev": "da67096a3b9bf56a91d16901293e51ba5b49a27e",
        "type": "github"
      },
      "original": {
        "owner": "nix-systems",
        "repo": "default",
        "type": "github"
      }
    }
  },
  "root": "root",
  "version": 7
}
